
Microsoft Visual Studio Solution File, Format Version 12.00
# Visual Studio 2012
Project("{FAE04EC0-301F-11D3-BF4B-00C04F79EFBC}") = "RpCaterModel", "RpCaterModel\RpCaterModel.csproj", "{7676BA30-8405-4408-8186-1D1635156CEF}"
EndProject
Project("{FAE04EC0-301F-11D3-BF4B-00C04F79EFBC}") = "RpCaterBLL", "RpCaterBLL\RpCaterBLL.csproj", "{70086581-91E9-4660-B6E6-2C57B0A17935}"
EndProject
Project("{FAE04EC0-301F-11D3-BF4B-00C04F79EFBC}") = "RpCaterDAL", "RpCaterDAL\RpCaterDAL.csproj", "{0400BA68-1A69-4EE9-BF25-C8CC893BC11A}"
EndProject
Project("{FAE04EC0-301F-11D3-BF4B-00C04F79EFBC}") = "RpCater", "RpCater\RpCater.csproj", "{DEBCE1EA-B24D-4917-917E-5E5CEBED1B5E}"
EndProject
Global
	GlobalSection(SolutionConfigurationPlatforms) = preSolution
		Debug|Any CPU = Debug|Any CPU
		Release|Any CPU = Release|Any CPU
	EndGlobalSection
	GlobalSection(ProjectConfigurationPlatforms) = postSolution
		{7676BA30-8405-4408-8186-1D1635156CEF}.Debug|Any CPU.ActiveCfg = Debug|Any CPU
		{7676BA30-8405-4408-8186-1D1635156CEF}.Debug|Any CPU.Build.0 = Debug|Any CPU
		{7676BA30-8405-4408-8186-1D1635156CEF}.Release|Any CPU.ActiveCfg = Release|Any CPU
		{7676BA30-8405-4408-8186-1D1635156CEF}.Release|Any CPU.Build.0 = Release|Any CPU
		{70086581-91E9-4660-B6E6-2C57B0A17935}.Debug|Any CPU.ActiveCfg = Debug|Any CPU
		{70086581-91E9-4660-B6E6-2C57B0A17935}.Debug|Any CPU.Build.0 = Debug|Any CPU
		{70086581-91E9-4660-B6E6-2C57B0A17935}.Release|Any CPU.ActiveCfg = Release|Any CPU
		{70086581-91E9-4660-B6E6-2C57B0A17935}.Release|Any CPU.Build.0 = Release|Any CPU
		{0400BA68-1A69-4EE9-BF25-C8CC893BC11A}.Debug|Any CPU.ActiveCfg = Debug|Any CPU
		{0400BA68-1A69-4EE9-BF25-C8CC893BC11A}.Debug|Any CPU.Build.0 = Debug|Any CPU
		{0400BA68-1A69-4EE9-BF25-C8CC893BC11A}.Release|Any CPU.ActiveCfg = Release|Any CPU
		{0400BA68-1A69-4EE9-BF25-C8CC893BC11A}.Release|Any CPU.Build.0 = Release|Any CPU
		{DEBCE1EA-B24D-4917-917E-5E5CEBED1B5E}.Debug|Any CPU.ActiveCfg = Debug|Any CPU
		{DEBCE1EA-B24D-4917-917E-5E5CEBED1B5E}.Debug|Any CPU.Build.0 = Debug|Any CPU
		{DEBCE1EA-B24D-4917-917E-5E5CEBED1B5E}.Release|Any CPU.ActiveCfg = Release|Any CPU
		{DEBCE1EA-B24D-4917-917E-5E5CEBED1B5E}.Release|Any CPU.Build.0 = Release|Any CPU
	EndGlobalSection
	GlobalSection(SolutionProperties) = preSolution
		HideSolutionNode = FALSE
	EndGlobalSection
EndGlobal
